
Microsoft Visual Studio Solution File, Format Version 12.00
# Visual Studio Version 17
VisualStudioVersion = 17.8.34330.188
MinimumVisualStudioVersion = 10.0.40219.1
Project("{FAE04EC0-301F-11D3-BF4B-00C04F79EFBC}") = "CalculatorApplication", "CalculatorApplication\CalculatorApplication.csproj", "{B6C7022F-598A-4E2F-BD04-1D77D19ACDCA}"
EndProject
Global
	GlobalSection(SolutionConfigurationPlatforms) = preSolution
		Debug|Any CPU = Debug|Any CPU
		Release|Any CPU = Release|Any CPU
	EndGlobalSection
	GlobalSection(ProjectConfigurationPlatforms) = postSolution
		{B6C7022F-598A-4E2F-BD04-1D77D19ACDCA}.Debug|Any CPU.ActiveCfg = Debug|Any CPU
		{B6C7022F-598A-4E2F-BD04-1D77D19ACDCA}.Debug|Any CPU.Build.0 = Debug|Any CPU
		{B6C7022F-598A-4E2F-BD04-1D77D19ACDCA}.Release|Any CPU.ActiveCfg = Release|Any CPU
		{B6C7022F-598A-4E2F-BD04-1D77D19ACDCA}.Release|Any CPU.Build.0 = Release|Any CPU
	EndGlobalSection
	GlobalSection(SolutionProperties) = preSolution
		HideSolutionNode = FALSE
	EndGlobalSection
	GlobalSection(ExtensibilityGlobals) = postSolution
		SolutionGuid = {46DDB04A-F874-48F4-95AA-0A9D46B8DCF0}
	EndGlobalSection
EndGlobal
